{
  "name": "vanilla",
  "version": "1.0.0",
  "lockfileVersion": 3,
  "requires": true,
  "packages": {
    "": {
      "name": "vanilla",
      "version": "1.0.0",
      "license": "ISC",
      "dependencies": {
        "opencode-ai": "^0.6.3"
      }
    },
    "node_modules/opencode-ai": {
      "version": "0.6.3",
      "resolved": "https://registry.npmjs.org/opencode-ai/-/opencode-ai-0.6.3.tgz",
      "integrity": "sha512-hO7YRxLBokjOy1/FiOliUSw4br+9igyJCGWVZh7WWRz7tNf17ka1FiV6s1f8nALO8NGSo6w7mPkTSfTrsUghbQ==",
      "hasInstallScript": true,
      "bin": {
        "opencode": "bin/opencode"
      },
      "optionalDependencies": {
        "opencode-darwin-arm64": "0.6.3",
        "opencode-darwin-x64": "0.6.3",
        "opencode-darwin-x64-baseline": "0.6.3",
        "opencode-linux-arm64": "0.6.3",
        "opencode-linux-x64": "0.6.3",
        "opencode-linux-x64-baseline": "0.6.3",
        "opencode-windows-x64": "0.6.3"
      }
    },
    "node_modules/opencode-darwin-arm64": {
      "version": "0.6.3",
      "resolved": "https://registry.npmjs.org/opencode-darwin-arm64/-/opencode-darwin-arm64-0.6.3.tgz",
      "integrity": "sha512-MmKnIygP4bTQLnhfhj9exLpE07GHLn9nSvGDPb6BHpwK+s4qoPy09SMWCbITMvhvVSN5bnPtElbEKLPaZHodCQ==",
      "cpu": [
        "arm64"
      ],
      "optional": true,
      "os": [
        "darwin"
      ]
    },
    "node_modules/opencode-darwin-x64": {
      "version": "0.6.3",
      "resolved": "https://registry.npmjs.org/opencode-darwin-x64/-/opencode-darwin-x64-0.6.3.tgz",
      "integrity": "sha512-oVMf3yDKhJLxHfzE9m3Ba7pIjNSq4Q0UCZZMkEG94gNQkHncWjr0SuuDqPbrLTvdd+xNY6QWDRz05M2geTsy1A==",
      "cpu": [
        "x64"
      ],
      "optional": true,
      "os": [
        "darwin"
      ]
    },
    "node_modules/opencode-darwin-x64-baseline": {
      "version": "0.6.3",
      "resolved": "https://registry.npmjs.org/opencode-darwin-x64-baseline/-/opencode-darwin-x64-baseline-0.6.3.tgz",
      "integrity": "sha512-h3TyGUqzG/pRRn7H33Vm/eXMz7GMs65KbRTQLqoe+ZwJWIQ40DAokRlRBsLuLKFVlww/7utLDacsBha0D1Jd8Q==",
      "cpu": [
        "x64-baseline"
      ],
      "optional": true,
      "os": [
        "darwin"
      ]
    },
    "node_modules/opencode-linux-arm64": {
      "version": "0.6.3",
      "resolved": "https://registry.npmjs.org/opencode-linux-arm64/-/opencode-linux-arm64-0.6.3.tgz",
      "integrity": "sha512-+08+PINDe3p74L23/lNQmdOX78yghzzfaFzICOOioHtRBT9vsTSjteUbVhCXSIItgH7gmPT9P0FlsBdcWaQdbg==",
      "cpu": [
        "arm64"
      ],
      "optional": true,
      "os": [
        "linux"
      ]
    },
    "node_modules/opencode-linux-x64": {
      "version": "0.6.3",
      "resolved": "https://registry.npmjs.org/opencode-linux-x64/-/opencode-linux-x64-0.6.3.tgz",
      "integrity": "sha512-h4xGkRhuP3itbehD+W8dTqnaB0RrzYgIrB6jY4+jM4+TBUlYUS1LKmHcyK3iDKmnPWaLJJaTj0I0LBfvcNBLyg==",
      "cpu": [
        "x64"
      ],
      "optional": true,
      "os": [
        "linux"
      ]
    },
    "node_modules/opencode-linux-x64-baseline": {
      "version": "0.6.3",
      "resolved": "https://registry.npmjs.org/opencode-linux-x64-baseline/-/opencode-linux-x64-baseline-0.6.3.tgz",
      "integrity": "sha512-DQ9/exo6QAYdEw20lERAMS8vAUJcaOMWyOxqlzkGIYeCxHlsh3hYXV4nOfTHxsRlnOvt83HtVsNZ3nnmwO3sqg==",
      "cpu": [
        "x64-baseline"
      ],
      "optional": true,
      "os": [
        "linux"
      ]
    },
    "node_modules/opencode-windows-x64": {
      "version": "0.6.3",
      "resolved": "https://registry.npmjs.org/opencode-windows-x64/-/opencode-windows-x64-0.6.3.tgz",
      "integrity": "sha512-M+4ty/K1I3+u19bwRxCpH0aTnvs39jld7I+SKdDIcUMna46580Me3rfUAQf8Ngp4Ck98d7VrFW1ojYlpq2rkrA==",
      "cpu": [
        "x64"
      ],
      "optional": true,
      "os": [
        "win32"
      ]
    }
  }
}
